
Microsoft Visual Studio Solution File, Format Version 12.00
# Visual Studio Version 16
VisualStudioVersion = 16.0.31205.134
MinimumVisualStudioVersion = 10.0.40219.1
Project("{FAE04EC0-301F-11D3-BF4B-00C04F79EFBC}") = "web", "frontEnd\web.csproj", "{C799CBB3-26F8-4390-B8E7-0BED86437FD4}"
EndProject
Project("{FAE04EC0-301F-11D3-BF4B-00C04F79EFBC}") = "Model", "Model\Model.csproj", "{4B08A146-5FF4-4E98-8A3C-07015DF76C4F}"
EndProject
Project("{FAE04EC0-301F-11D3-BF4B-00C04F79EFBC}") = "Service", "Service\Service.csproj", "{AE921F13-E6B0-45A0-A968-26D9A5CA6A5F}"
EndProject
Global
	GlobalSection(SolutionConfigurationPlatforms) = preSolution
		Debug|Any CPU = Debug|Any CPU
		Release|Any CPU = Release|Any CPU
	EndGlobalSection
	GlobalSection(ProjectConfigurationPlatforms) = postSolution
		{C799CBB3-26F8-4390-B8E7-0BED86437FD4}.Debug|Any CPU.ActiveCfg = Debug|Any CPU
		{C799CBB3-26F8-4390-B8E7-0BED86437FD4}.Debug|Any CPU.Build.0 = Debug|Any CPU
		{C799CBB3-26F8-4390-B8E7-0BED86437FD4}.Release|Any CPU.ActiveCfg = Release|Any CPU
		{C799CBB3-26F8-4390-B8E7-0BED86437FD4}.Release|Any CPU.Build.0 = Release|Any CPU
		{4B08A146-5FF4-4E98-8A3C-07015DF76C4F}.Debug|Any CPU.ActiveCfg = Debug|Any CPU
		{4B08A146-5FF4-4E98-8A3C-07015DF76C4F}.Debug|Any CPU.Build.0 = Debug|Any CPU
		{4B08A146-5FF4-4E98-8A3C-07015DF76C4F}.Release|Any CPU.ActiveCfg = Release|Any CPU
		{4B08A146-5FF4-4E98-8A3C-07015DF76C4F}.Release|Any CPU.Build.0 = Release|Any CPU
		{AE921F13-E6B0-45A0-A968-26D9A5CA6A5F}.Debug|Any CPU.ActiveCfg = Debug|Any CPU
		{AE921F13-E6B0-45A0-A968-26D9A5CA6A5F}.Debug|Any CPU.Build.0 = Debug|Any CPU
		{AE921F13-E6B0-45A0-A968-26D9A5CA6A5F}.Release|Any CPU.ActiveCfg = Release|Any CPU
		{AE921F13-E6B0-45A0-A968-26D9A5CA6A5F}.Release|Any CPU.Build.0 = Release|Any CPU
	EndGlobalSection
	GlobalSection(SolutionProperties) = preSolution
		HideSolutionNode = FALSE
	EndGlobalSection
	GlobalSection(ExtensibilityGlobals) = postSolution
		SolutionGuid = {1A980A2D-D348-4731-A00A-1A62DC089AD8}
	EndGlobalSection
EndGlobal
